# This file is generated by running "yarn install" inside your project.
# Manual changes might be lost - proceed with caution!

__metadata:
  version: 5
  cacheKey: 8

"@artiefuzzz/ts@npm:^1.1.1":
  version: 1.1.1
  resolution: "@artiefuzzz/ts@npm:1.1.1"
  checksum: 54dc0f332e1e630402552541b9804b924954b92203bf9c389efdb3bb92cf8495a9fa22c99cf425c395e90f2ae627f500cf1fff224037ed3a41be7a7e5783fef1
  languageName: node
  linkType: hard

"@artiefuzzz/utils@workspace:.":
  version: 0.0.0-use.local
  resolution: "@artiefuzzz/utils@workspace:."
  dependencies:
    "@artiefuzzz/ts": ^1.1.1
    "@types/node": ^16.11.12
    xv: ^1.1.1
  languageName: unknown
  linkType: soft

"@types/node@npm:^16.11.12":
  version: 16.11.12
  resolution: "@types/node@npm:16.11.12"
  checksum: a3feb346d61a56f5a137c29bb8c63cfa3cc02e184b9dffdc18ef1528dcce55596e570575215a2e39e6ce69343eeb2a5ba71c271938f1dc8db4cc393902855412
  languageName: node
  linkType: hard

"xv@npm:^1.1.1":
  version: 1.1.1
  resolution: "xv@npm:1.1.1"
  bin:
    xv: lib/bin.js
  checksum: c051eec0ba04384668d9ef80da4a603e458601492c73d66113e36005edffa00c49ea6af24a92a80698502a6c92dcc7210caf2c030ad6060323c1828d637b1e49
  languageName: node
  linkType: hard
