# This file is generated by running "yarn install" inside your project.
# Manual changes might be lost - proceed with caution!

__metadata:
  version: 6
  cacheKey: 8

"@artiefuzzz/ts@npm:1.4.0":
  version: 1.4.0
  resolution: "@artiefuzzz/ts@npm:1.4.0"
  dependencies:
    tslib: 2.8.1
  checksum: dcc7ab1da97ee97331302aadda7c3b0658014eb588a596596d44fe94eeaacb75b3b425ba78be934589267021c0ac6e3aaa840933a331f42da9fa1f8fe8e955b0
  languageName: node
  linkType: hard

"@artiefuzzz/utils@workspace:.":
  version: 0.0.0-use.local
  resolution: "@artiefuzzz/utils@workspace:."
  dependencies:
    "@artiefuzzz/ts": 1.4.0
    "@types/node": 16.18.126
    xv: 1.1.1
  languageName: unknown
  linkType: soft

"@types/node@npm:16.18.126":
  version: 16.18.126
  resolution: "@types/node@npm:16.18.126"
  checksum: 86112e7499f8a4d1bb60696cab0bf464adf3c141fca4bc5451e8f3aba5736529b76d4b4396edb21e5d7c19592852f7d6cb81ee70074fd13bde2db2d0db720467
  languageName: node
  linkType: hard

"tslib@npm:2.8.1":
  version: 2.8.1
  resolution: "tslib@npm:2.8.1"
  checksum: e4aba30e632b8c8902b47587fd13345e2827fa639e7c3121074d5ee0880723282411a8838f830b55100cbe4517672f84a2472667d355b81e8af165a55dc6203a
  languageName: node
  linkType: hard

"xv@npm:1.1.1":
  version: 1.1.1
  resolution: "xv@npm:1.1.1"
  bin:
    xv: lib/bin.js
  checksum: c051eec0ba04384668d9ef80da4a603e458601492c73d66113e36005edffa00c49ea6af24a92a80698502a6c92dcc7210caf2c030ad6060323c1828d637b1e49
  languageName: node
  linkType: hard
