# This file is generated by running "yarn install" inside your project.
# Manual changes might be lost - proceed with caution!

__metadata:
  version: 6
  cacheKey: 8

"@artiefuzzz/ts@npm:1.3.2":
  version: 1.3.2
  resolution: "@artiefuzzz/ts@npm:1.3.2"
  dependencies:
    tslib: ^2.3.1
  checksum: 6331ec7f65198ea5df36596a3bd3f24d32560df9147b8837dbd776448bb5c7bc19bdd3f8b96e2917e07ddf150d7deb89eab003718ab42aec5f7e022908699d9b
  languageName: node
  linkType: hard

"@artiefuzzz/utils@workspace:.":
  version: 0.0.0-use.local
  resolution: "@artiefuzzz/utils@workspace:."
  dependencies:
    "@artiefuzzz/ts": 1.3.2
    "@types/node": 18.18.6
    xv: 1.1.1
  languageName: unknown
  linkType: soft

"@types/node@npm:18.18.6":
  version: 18.18.6
  resolution: "@types/node@npm:18.18.6"
  checksum: a847639b8455fd3dfa6dbc2917274c82c9db789f1d41aaf69f94ac6c9e54c3c1dd29be6e1e1ccd7c17e54db3d78d7011bc4e70544c6447ceca253dccc0a187e1
  languageName: node
  linkType: hard

"tslib@npm:^2.3.1":
  version: 2.3.1
  resolution: "tslib@npm:2.3.1"
  checksum: de17a98d4614481f7fcb5cd53ffc1aaf8654313be0291e1bfaee4b4bb31a20494b7d218ff2e15017883e8ea9626599b3b0e0229c18383ba9dce89da2adf15cb9
  languageName: node
  linkType: hard

"xv@npm:1.1.1":
  version: 1.1.1
  resolution: "xv@npm:1.1.1"
  bin:
    xv: lib/bin.js
  checksum: c051eec0ba04384668d9ef80da4a603e458601492c73d66113e36005edffa00c49ea6af24a92a80698502a6c92dcc7210caf2c030ad6060323c1828d637b1e49
  languageName: node
  linkType: hard
